
Microsoft Visual Studio Solution File, Format Version 12.00
# Visual Studio Version 16
VisualStudioVersion = 16.0.31321.278
MinimumVisualStudioVersion = 10.0.40219.1
Project("{F184B08F-C81C-45F6-A57F-5ABD9991F28F}") = "HideUser", "HideUser.vbproj", "{7E5ED05B-D3BB-4279-A4B6-E1595F24ACCE}"
EndProject
Global
	GlobalSection(SolutionConfigurationPlatforms) = preSolution
		Debug|x64 = Debug|x64
		Release|x64 = Release|x64
	EndGlobalSection
	GlobalSection(ProjectConfigurationPlatforms) = postSolution
		{7E5ED05B-D3BB-4279-A4B6-E1595F24ACCE}.Debug|x64.ActiveCfg = Debug|Any CPU
		{7E5ED05B-D3BB-4279-A4B6-E1595F24ACCE}.Debug|x64.Build.0 = Debug|Any CPU
		{7E5ED05B-D3BB-4279-A4B6-E1595F24ACCE}.Release|x64.ActiveCfg = Release|Any CPU
		{7E5ED05B-D3BB-4279-A4B6-E1595F24ACCE}.Release|x64.Build.0 = Release|Any CPU
	EndGlobalSection
	GlobalSection(SolutionProperties) = preSolution
		HideSolutionNode = FALSE
	EndGlobalSection
	GlobalSection(ExtensibilityGlobals) = postSolution
		SolutionGuid = {C6BC0624-D427-4BF0-A7F6-B8ABA7C3CA4F}
	EndGlobalSection
EndGlobal
